github.com/PuerkitoBio/purell v1.1.0 h1:rmGxhojJlM0tuKtfdvliR84CFHljx9ag64t2xmVkjK4=
github.com/PuerkitoBio/purell v1.1.0/go.mod h1:c11w/QuzBsJSee3cPx9rAFu61PvFxuPbtSwDGJws/X0=
github.com/PuerkitoBio/urlesc v0.0.0-20170810143723-de5bf2ad4578 h1:d+Bc7a5rLufV/sSk/8dngufqelfh6jnri85riMAaF/M=
github.com/PuerkitoBio/urlesc v0.0.0-20170810143723-de5bf2ad4578/go.mod h1:uGdkoq3SwY9Y+13GIhn11/XLaGBb4BfwItxLd5jeuXE=
github.com/emicklei/go-restful v2.4.0+incompatible h1:p9u+CKd2OEI+kUmFLDwuf0LtmBtDhcok4UjQDs0rDDk=
github.com/emicklei/go-restful v2.4.0+incompatible/go.mod h1:otzb+WCGbkyDHkqmQmT5YD2WR4BBwUdeQoFo8l/7tVs=
github.com/ghodss/yaml v1.0.0 h1:wQHKEahhL6wmXdzwWG11gIVCkOv05bNOh+Rxn0yngAk=
github.com/ghodss/yaml v1.0.0/go.mod h1:4dBDuWmgqj2HViK6kFavaiC9ZROes6MMH2rRYeMEF04=
github.com/go-openapi/jsonpointer v0.0.0-20170102174223-779f45308c19 h1:UmnefiS/Yrdfl15NXUA9T51lyQf72tCvWHfOiRLd1+g=
github.com/go-openapi/jsonpointer v0.0.0-20170102174223-779f45308c19/go.mod h1:+35s3my2LFTysnkMfxsJBAMHj/DoqoB9knIWoYG/Vk0=
github.com/go-openapi/jsonreference v0.0.0-20161105162150-36d33bfe519e h1:gbNUNGpVJLxaXBxI7iCHZdg3PwgLOJ9lPQGVINRrC9E=
github.com/go-openapi/jsonreference v0.0.0-20161105162150-36d33bfe519e/go.mod h1:W3Z9FmVs9qj+KR4zFKmDPGiLdk1D9Rlm7cyMvf57TTg=
github.com/go-openapi/spec v0.0.0-20171219195406-fa03337d7da5 h1:/4LLqbrF/Zoeyra76KP3b3I/D3II/lSSFVFDjiEaQKM=
github.com/go-openapi/spec v0.0.0-20171219195406-fa03337d7da5/go.mod h1:J8+jY1nAiCcj+friV/PDoE1/3eeccG9LYBs0tYvLOWc=
github.com/go-openapi/swag v0.0.0-20180102232305-84f4bee7c0a6 h1:W4UEGeJz0sfPqWeAuoaqYNc328I+cz28jehBLU41acE=
github.com/go-openapi/swag v0.0.0-20180102232305-84f4bee7c0a6/go.mod h1:DXUve3Dpr1UfpPtxFw+EFuQ41HhCWZfha5jSVRG7C7I=
github.com/gogo/protobuf v0.0.0-20171007142547-342cbe0a0415 h1:WSBJMqJbLxsn+bTCPyPYZfqHdJmc8MK4wrBjMft6BAM=
github.com/gogo/protobuf v0.0.0-20171007142547-342cbe0a0415/go.mod h1:r8qH/GZQm5c6nD/R0oafs1akxWv10x8SbQlK7atdtwQ=
github.com/golang/glog v0.0.0-20160126235308-23def4e6c14b h1:VKtxabqXZkF25pY9ekfRL6a582T4P37/31XEstQ5p58=
github.com/golang/glog v0.0.0-20160126235308-23def4e6c14b/go.mod h1:SBH7ygxi8pfUlaOkMMuAQtPIUF8ecWP5IEl/CR7VP2Q=
github.com/golang/protobuf v0.0.0-20171113180720-1e59b77b52bf h1:pFr/u+m8QUBMW/itAczltF3guNRAL7XDs5tD3f6nSD0=
github.com/golang/protobuf v0.0.0-20171113180720-1e59b77b52bf/go.mod h1:6lQm79b+lXiMfvg/cZm0SGofjICqVBUtrP5yJMmIC1U=
github.com/google/btree v0.0.0-20161217183710-316fb6d3f031 h1:yAx4v8FikdsGCBPzIaT2F+0WH0J+wcL7cQD9n3UbyOk=
github.com/google/btree v0.0.0-20161217183710-316fb6d3f031/go.mod h1:lNA+9X1NB3Zf8V7Ke586lFgjr2dZNuvo3lPJSGZ5JPQ=
github.com/google/gofuzz v0.0.0-20170612174753-24818f796faf h1:+RRA9JqSOZFfKrOeqr2z77+8R2RKyh8PG66dcu1V0ck=
github.com/google/gofuzz v0.0.0-20170612174753-24818f796faf/go.mod h1:HP5RmnzzSNb993RKQDq4+1A4ia9nllfqcQFTQJedwGI=
github.com/googleapis/gnostic v0.1.0 h1:rVsPeBmXbYv4If/cumu1AzZPwV58q433hvONV1UEZoI=
github.com/googleapis/gnostic v0.1.0/go.mod h1:sJBsCZ4ayReDTBIg8b9dl28c5xFWyhBTVRp3pOg5EKY=
github.com/gregjones/httpcache v0.0.0-20171119193500-2bcd89a1743f h1:kOkUP6rcVVqC+KlKKENKtgfFfJyDySYhqL9srXooghY=
github.com/gregjones/httpcache v0.0.0-20171119193500-2bcd89a1743f/go.mod h1:FecbI9+v66THATjSRHfNgh1IVFe/9kFxbXtjV0ctIMA=
github.com/howeyc/gopass v0.0.0-20170109162249-bf9dde6d0d2c h1:kQWxfPIHVLbgLzphqk3QUflDy9QdksZR4ygR807bpy0=
github.com/howeyc/gopass v0.0.0-20170109162249-bf9dde6d0d2c/go.mod h1:lADxMC39cJJqL93Duh1xhAs4I2Zs8mKS89XWXFGp9cs=
github.com/imdario/mergo v0.0.0-20171009183408-7fe0c75c13ab h1:k/Biv+LJL35wkk0Hveko1nj7as4tSHkHdZaNlzn/gcQ=
github.com/imdario/mergo v0.0.0-20171009183408-7fe0c75c13ab/go.mod h1:2EnlNZ0deacrJVfApfmtdGgDfMuh/nq6Ok1EcJh5FfA=
github.com/json-iterator/go v0.0.0-20171115153421-f7279a603ede h1:YrgBGwxMRK0Vq0WSCWFaZUnTsrA/PZE/xs1QZh+/edg=
github.com/json-iterator/go v0.0.0-20171115153421-f7279a603ede/go.mod h1:+SdeFBvtyEkXs7REEP0seUULqWtbJapLOCVDaaPEHmU=
github.com/juju/ratelimit v1.0.1 h1:+7AIFJVQ0EQgq/K9+0Krm7m530Du7tIz0METWzN0RgY=
github.com/juju/ratelimit v1.0.1/go.mod h1:qapgC/Gy+xNh9UxzV13HGGl/6UXNN+ct+vwSgWNm/qk=
github.com/mailru/easyjson v0.0.0-20171120080333-32fa128f234d h1:bM4HYnlVXPgUKmzl7o3drEaVfOk+sTBiADAQOWjU+8I=
github.com/mailru/easyjson v0.0.0-20171120080333-32fa128f234d/go.mod h1:C1wdFJiN94OJF2b5HbByQZoLdCWB1Yqtg26g4irojpc=
github.com/munnerz/kube-plex v0.0.0-20200612090521-74c7ede426d9 h1:05Qi4/aJpxQQuO9qRk6xx9UmsUcBex0I3FkHtWr0srQ=
github.com/munnerz/kube-plex v0.0.0-20200612090521-74c7ede426d9/go.mod h1:rpNJ5zpGSZs8PITjd3dzGqEzzNxF/4CnQOmiXEKbmpU=
github.com/petar/GoLLRB v0.0.0-20130427215148-53be0d36a84c/go.mod h1:HUpKUBZnpzkdx0kD/+Yfuft+uD3zHGtXF/XJB14TUr4=
github.com/peterbourgon/diskv v2.0.1+incompatible h1:UBdAOUP5p4RWqPBg048CAvpKN+vxiaj6gdUUzhl4XmI=
github.com/peterbourgon/diskv v2.0.1+incompatible/go.mod h1:uqqh8zWWbv1HBMNONnaR/tNboyR3/BZd58JJSHlUSCU=
github.com/spf13/pflag v1.0.0 h1:oaPbdDe/x0UncahuwiPxW1GYJyilRAdsPnq3e1yaPcI=
github.com/spf13/pflag v1.0.0/go.mod h1:DYY7MBk1bdzusC3SYhjObp+wFpr4gzcvqqNjLnInEg4=
golang.org/x/crypto v0.0.0-20171231215028-0fcca4842a8d h1:GrqEEc3+MtHKTsZrdIGVoYDgLpbSRzW1EF+nLu0PcHE=
golang.org/x/crypto v0.0.0-20171231215028-0fcca4842a8d/go.mod h1:6SG95UA2DQfeDnfUPMdvaQW0Q7yPrPDi9nlGo2tz2b4=
golang.org/x/net v0.0.0-20180105013340-42fe2e1c20de h1:7B9LfEg3zoES78We3T6F94eg9TO7jNQpqYH1CXRC2Jg=
golang.org/x/net v0.0.0-20180105013340-42fe2e1c20de/go.mod h1:mL1N/T3taQHkDXs73rZJwtUhF3w3ftmwwsq0BUmARs4=
golang.org/x/sys v0.0.0-20180106052050-dd9ec17814d5 h1:PqBDrfwJP2b9HwI7PpaWh63LSviQdBNk86+qxKIvF9E=
golang.org/x/sys v0.0.0-20180106052050-dd9ec17814d5/go.mod h1:STP8DvDyc/dI5b8T5hshtkjS+E42TnysNCUPdjciGhY=
golang.org/x/text v0.3.1-0.20171227012246-e19ae1496984 h1:4S3Dic2vY09agWhKAjYa6buMB7HsLkVrliEHZclmmSU=
golang.org/x/text v0.3.1-0.20171227012246-e19ae1496984/go.mod h1:NqM8EUOU14njkJ3fqMW+pc6Ldnwhi/IjpwHt7yyuwOQ=
gopkg.in/inf.v0 v0.9.0 h1:3zYtXIO92bvsdS3ggAdA8Gb4Azj0YU+TVY1uGYNFA8o=
gopkg.in/inf.v0 v0.9.0/go.mod h1:cWUDdTG/fYaXco+Dcufb5Vnc6Gp2YChqWtbxRZE0mXw=
gopkg.in/yaml.v2 v2.0.0-20180104195722-0e4404da7122 h1:SZqIK7cl+kTgWR0pJmEXSmltitRTJZ0fR2rwlRymaEM=
gopkg.in/yaml.v2 v2.0.0-20180104195722-0e4404da7122/go.mod h1:JAlM8MvJe8wmxCU4Bli9HhUf9+ttbYbLASfIpnQbh74=
k8s.io/api v0.0.0-20180103015100-006a217681ae h1:fR7Ym1AktppiNEB8t8ba9ken3Bg0IXMLj11580T2mYg=
k8s.io/api v0.0.0-20180103015100-006a217681ae/go.mod h1:iuAfoD4hCxJ8Onx9kaTIt30j7jUFS00AXQi6QMi99vA=
k8s.io/apimachinery v0.0.0-20180103014849-68f9c3a1feb3 h1:Nl/8rXdhJ0STzSBxQc1xMb4zs/zSTgCEPiFBslKzW+0=
k8s.io/apimachinery v0.0.0-20180103014849-68f9c3a1feb3/go.mod h1:ccL7Eh7zubPUSh9A3USN90/OzHNSVN6zxzde07TDCL0=
k8s.io/client-go v0.0.0-20180103015815-9389c055a838 h1:3eHQsqKEOZ7zBLitCyNCfQkpyE996hTv3I4qAbXzhHU=
k8s.io/client-go v0.0.0-20180103015815-9389c055a838/go.mod h1:7vJpHMYJwNQCWgzmNV+VYUl1zCObLyodBc8nIyt8L5s=
k8s.io/kube-openapi v0.0.0-20171212221656-b16ebc07f5ca h1:XFgKsNPDJ+n7Z4mi8zxKoqAs+mZZ0PRy+MvhvamzQ/c=
k8s.io/kube-openapi v0.0.0-20171212221656-b16ebc07f5ca/go.mod h1:BXM9ceUBTj2QnfH2MK1odQs778ajze1RxcmP6S8RVVc=
